
Microsoft Visual Studio Solution File, Format Version 12.00
# Visual Studio Version 17
VisualStudioVersion = 17.0.31903.59
MinimumVisualStudioVersion = 10.0.40219.1
Project("{2150E333-8FDC-42A3-9474-1A3956D46DE8}") = "src", "src", "{827E0CD3-B72D-47B6-A68D-7590B98EB39B}"
EndProject
Project("{2150E333-8FDC-42A3-9474-1A3956D46DE8}") = "Core", "Core", "{8D626EA8-CB54-BC41-363A-217881BEBA6E}"
EndProject
Project("{FAE04EC0-301F-11D3-BF4B-00C04F79EFBC}") = "Domain", "src\Core\Domain\Domain.csproj", "{6449B74C-08D7-45E0-B351-0EEFA7608590}"
EndProject
Project("{FAE04EC0-301F-11D3-BF4B-00C04F79EFBC}") = "Application", "src\Core\Application\Application.csproj", "{F9460AF2-56D9-4F98-93E4-157A6B5DEB7E}"
EndProject
Project("{2150E333-8FDC-42A3-9474-1A3956D46DE8}") = "Presentation", "Presentation", "{6996BBF7-DB31-59BC-C7DD-9A7CCC6138C4}"
EndProject
Project("{FAE04EC0-301F-11D3-BF4B-00C04F79EFBC}") = "Rest", "src\Presentation\Rest\Rest.csproj", "{1097B055-FF71-45A0-948C-5F186C65ECE1}"
EndProject
Project("{FAE04EC0-301F-11D3-BF4B-00C04F79EFBC}") = "Grpc", "src\Presentation\Grpc\Grpc.csproj", "{18C00D2E-B317-40F7-93FC-80B65CCB94CD}"
EndProject
Project("{2150E333-8FDC-42A3-9474-1A3956D46DE8}") = "tests", "tests", "{0AB3BF05-4346-4AA6-1389-037BE0695223}"
EndProject
Project("{FAE04EC0-301F-11D3-BF4B-00C04F79EFBC}") = "UnitTests", "tests\UnitTests\UnitTests.csproj", "{E9866559-99EB-4455-973E-917F8F963C9F}"
EndProject
Project("{FAE04EC0-301F-11D3-BF4B-00C04F79EFBC}") = "IntegrationTests", "tests\IntegrationTests\IntegrationTests.csproj", "{9E7B9D3A-D396-49D2-95D4-3A05BB8B37DB}"
EndProject
Project("{FAE04EC0-301F-11D3-BF4B-00C04F79EFBC}") = "Infrastructure", "src\Infrastructure\Infrastructure.csproj", "{FEE34F04-2D47-4454-A3DA-A4B58F0433FF}"
EndProject
Global
	GlobalSection(SolutionConfigurationPlatforms) = preSolution
		Debug|Any CPU = Debug|Any CPU
		Debug|x64 = Debug|x64
		Debug|x86 = Debug|x86
		Release|Any CPU = Release|Any CPU
		Release|x64 = Release|x64
		Release|x86 = Release|x86
	EndGlobalSection
	GlobalSection(ProjectConfigurationPlatforms) = postSolution
		{6449B74C-08D7-45E0-B351-0EEFA7608590}.Debug|Any CPU.ActiveCfg = Debug|Any CPU
		{6449B74C-08D7-45E0-B351-0EEFA7608590}.Debug|Any CPU.Build.0 = Debug|Any CPU
		{6449B74C-08D7-45E0-B351-0EEFA7608590}.Debug|x64.ActiveCfg = Debug|Any CPU
		{6449B74C-08D7-45E0-B351-0EEFA7608590}.Debug|x64.Build.0 = Debug|Any CPU
		{6449B74C-08D7-45E0-B351-0EEFA7608590}.Debug|x86.ActiveCfg = Debug|Any CPU
		{6449B74C-08D7-45E0-B351-0EEFA7608590}.Debug|x86.Build.0 = Debug|Any CPU
		{6449B74C-08D7-45E0-B351-0EEFA7608590}.Release|Any CPU.ActiveCfg = Release|Any CPU
		{6449B74C-08D7-45E0-B351-0EEFA7608590}.Release|Any CPU.Build.0 = Release|Any CPU
		{6449B74C-08D7-45E0-B351-0EEFA7608590}.Release|x64.ActiveCfg = Release|Any CPU
		{6449B74C-08D7-45E0-B351-0EEFA7608590}.Release|x64.Build.0 = Release|Any CPU
		{6449B74C-08D7-45E0-B351-0EEFA7608590}.Release|x86.ActiveCfg = Release|Any CPU
		{6449B74C-08D7-45E0-B351-0EEFA7608590}.Release|x86.Build.0 = Release|Any CPU
		{F9460AF2-56D9-4F98-93E4-157A6B5DEB7E}.Debug|Any CPU.ActiveCfg = Debug|Any CPU
		{F9460AF2-56D9-4F98-93E4-157A6B5DEB7E}.Debug|Any CPU.Build.0 = Debug|Any CPU
		{F9460AF2-56D9-4F98-93E4-157A6B5DEB7E}.Debug|x64.ActiveCfg = Debug|Any CPU
		{F9460AF2-56D9-4F98-93E4-157A6B5DEB7E}.Debug|x64.Build.0 = Debug|Any CPU
		{F9460AF2-56D9-4F98-93E4-157A6B5DEB7E}.Debug|x86.ActiveCfg = Debug|Any CPU
		{F9460AF2-56D9-4F98-93E4-157A6B5DEB7E}.Debug|x86.Build.0 = Debug|Any CPU
		{F9460AF2-56D9-4F98-93E4-157A6B5DEB7E}.Release|Any CPU.ActiveCfg = Release|Any CPU
		{F9460AF2-56D9-4F98-93E4-157A6B5DEB7E}.Release|Any CPU.Build.0 = Release|Any CPU
		{F9460AF2-56D9-4F98-93E4-157A6B5DEB7E}.Release|x64.ActiveCfg = Release|Any CPU
		{F9460AF2-56D9-4F98-93E4-157A6B5DEB7E}.Release|x64.Build.0 = Release|Any CPU
		{F9460AF2-56D9-4F98-93E4-157A6B5DEB7E}.Release|x86.ActiveCfg = Release|Any CPU
		{F9460AF2-56D9-4F98-93E4-157A6B5DEB7E}.Release|x86.Build.0 = Release|Any CPU
		{1097B055-FF71-45A0-948C-5F186C65ECE1}.Debug|Any CPU.ActiveCfg = Debug|Any CPU
		{1097B055-FF71-45A0-948C-5F186C65ECE1}.Debug|Any CPU.Build.0 = Debug|Any CPU
		{1097B055-FF71-45A0-948C-5F186C65ECE1}.Debug|x64.ActiveCfg = Debug|Any CPU
		{1097B055-FF71-45A0-948C-5F186C65ECE1}.Debug|x64.Build.0 = Debug|Any CPU
		{1097B055-FF71-45A0-948C-5F186C65ECE1}.Debug|x86.ActiveCfg = Debug|Any CPU
		{1097B055-FF71-45A0-948C-5F186C65ECE1}.Debug|x86.Build.0 = Debug|Any CPU
		{1097B055-FF71-45A0-948C-5F186C65ECE1}.Release|Any CPU.ActiveCfg = Release|Any CPU
		{1097B055-FF71-45A0-948C-5F186C65ECE1}.Release|Any CPU.Build.0 = Release|Any CPU
		{1097B055-FF71-45A0-948C-5F186C65ECE1}.Release|x64.ActiveCfg = Release|Any CPU
		{1097B055-FF71-45A0-948C-5F186C65ECE1}.Release|x64.Build.0 = Release|Any CPU
		{1097B055-FF71-45A0-948C-5F186C65ECE1}.Release|x86.ActiveCfg = Release|Any CPU
		{1097B055-FF71-45A0-948C-5F186C65ECE1}.Release|x86.Build.0 = Release|Any CPU
		{18C00D2E-B317-40F7-93FC-80B65CCB94CD}.Debug|Any CPU.ActiveCfg = Debug|Any CPU
		{18C00D2E-B317-40F7-93FC-80B65CCB94CD}.Debug|Any CPU.Build.0 = Debug|Any CPU
		{18C00D2E-B317-40F7-93FC-80B65CCB94CD}.Debug|x64.ActiveCfg = Debug|Any CPU
		{18C00D2E-B317-40F7-93FC-80B65CCB94CD}.Debug|x64.Build.0 = Debug|Any CPU
		{18C00D2E-B317-40F7-93FC-80B65CCB94CD}.Debug|x86.ActiveCfg = Debug|Any CPU
		{18C00D2E-B317-40F7-93FC-80B65CCB94CD}.Debug|x86.Build.0 = Debug|Any CPU
		{18C00D2E-B317-40F7-93FC-80B65CCB94CD}.Release|Any CPU.ActiveCfg = Release|Any CPU
		{18C00D2E-B317-40F7-93FC-80B65CCB94CD}.Release|Any CPU.Build.0 = Release|Any CPU
		{18C00D2E-B317-40F7-93FC-80B65CCB94CD}.Release|x64.ActiveCfg = Release|Any CPU
		{18C00D2E-B317-40F7-93FC-80B65CCB94CD}.Release|x64.Build.0 = Release|Any CPU
		{18C00D2E-B317-40F7-93FC-80B65CCB94CD}.Release|x86.ActiveCfg = Release|Any CPU
		{18C00D2E-B317-40F7-93FC-80B65CCB94CD}.Release|x86.Build.0 = Release|Any CPU
		{E9866559-99EB-4455-973E-917F8F963C9F}.Debug|Any CPU.ActiveCfg = Debug|Any CPU
		{E9866559-99EB-4455-973E-917F8F963C9F}.Debug|Any CPU.Build.0 = Debug|Any CPU
		{E9866559-99EB-4455-973E-917F8F963C9F}.Debug|x64.ActiveCfg = Debug|Any CPU
		{E9866559-99EB-4455-973E-917F8F963C9F}.Debug|x64.Build.0 = Debug|Any CPU
		{E9866559-99EB-4455-973E-917F8F963C9F}.Debug|x86.ActiveCfg = Debug|Any CPU
		{E9866559-99EB-4455-973E-917F8F963C9F}.Debug|x86.Build.0 = Debug|Any CPU
		{E9866559-99EB-4455-973E-917F8F963C9F}.Release|Any CPU.ActiveCfg = Release|Any CPU
		{E9866559-99EB-4455-973E-917F8F963C9F}.Release|Any CPU.Build.0 = Release|Any CPU
		{E9866559-99EB-4455-973E-917F8F963C9F}.Release|x64.ActiveCfg = Release|Any CPU
		{E9866559-99EB-4455-973E-917F8F963C9F}.Release|x64.Build.0 = Release|Any CPU
		{E9866559-99EB-4455-973E-917F8F963C9F}.Release|x86.ActiveCfg = Release|Any CPU
		{E9866559-99EB-4455-973E-917F8F963C9F}.Release|x86.Build.0 = Release|Any CPU
		{9E7B9D3A-D396-49D2-95D4-3A05BB8B37DB}.Debug|Any CPU.ActiveCfg = Debug|Any CPU
		{9E7B9D3A-D396-49D2-95D4-3A05BB8B37DB}.Debug|Any CPU.Build.0 = Debug|Any CPU
		{9E7B9D3A-D396-49D2-95D4-3A05BB8B37DB}.Debug|x64.ActiveCfg = Debug|Any CPU
		{9E7B9D3A-D396-49D2-95D4-3A05BB8B37DB}.Debug|x64.Build.0 = Debug|Any CPU
		{9E7B9D3A-D396-49D2-95D4-3A05BB8B37DB}.Debug|x86.ActiveCfg = Debug|Any CPU
		{9E7B9D3A-D396-49D2-95D4-3A05BB8B37DB}.Debug|x86.Build.0 = Debug|Any CPU
		{9E7B9D3A-D396-49D2-95D4-3A05BB8B37DB}.Release|Any CPU.ActiveCfg = Release|Any CPU
		{9E7B9D3A-D396-49D2-95D4-3A05BB8B37DB}.Release|Any CPU.Build.0 = Release|Any CPU
		{9E7B9D3A-D396-49D2-95D4-3A05BB8B37DB}.Release|x64.ActiveCfg = Release|Any CPU
		{9E7B9D3A-D396-49D2-95D4-3A05BB8B37DB}.Release|x64.Build.0 = Release|Any CPU
		{9E7B9D3A-D396-49D2-95D4-3A05BB8B37DB}.Release|x86.ActiveCfg = Release|Any CPU
		{9E7B9D3A-D396-49D2-95D4-3A05BB8B37DB}.Release|x86.Build.0 = Release|Any CPU
		{FEE34F04-2D47-4454-A3DA-A4B58F0433FF}.Debug|Any CPU.ActiveCfg = Debug|Any CPU
		{FEE34F04-2D47-4454-A3DA-A4B58F0433FF}.Debug|Any CPU.Build.0 = Debug|Any CPU
		{FEE34F04-2D47-4454-A3DA-A4B58F0433FF}.Debug|x64.ActiveCfg = Debug|Any CPU
		{FEE34F04-2D47-4454-A3DA-A4B58F0433FF}.Debug|x64.Build.0 = Debug|Any CPU
		{FEE34F04-2D47-4454-A3DA-A4B58F0433FF}.Debug|x86.ActiveCfg = Debug|Any CPU
		{FEE34F04-2D47-4454-A3DA-A4B58F0433FF}.Debug|x86.Build.0 = Debug|Any CPU
		{FEE34F04-2D47-4454-A3DA-A4B58F0433FF}.Release|Any CPU.ActiveCfg = Release|Any CPU
		{FEE34F04-2D47-4454-A3DA-A4B58F0433FF}.Release|Any CPU.Build.0 = Release|Any CPU
		{FEE34F04-2D47-4454-A3DA-A4B58F0433FF}.Release|x64.ActiveCfg = Release|Any CPU
		{FEE34F04-2D47-4454-A3DA-A4B58F0433FF}.Release|x64.Build.0 = Release|Any CPU
		{FEE34F04-2D47-4454-A3DA-A4B58F0433FF}.Release|x86.ActiveCfg = Release|Any CPU
		{FEE34F04-2D47-4454-A3DA-A4B58F0433FF}.Release|x86.Build.0 = Release|Any CPU
	EndGlobalSection
	GlobalSection(SolutionProperties) = preSolution
		HideSolutionNode = FALSE
	EndGlobalSection
	GlobalSection(NestedProjects) = preSolution
		{8D626EA8-CB54-BC41-363A-217881BEBA6E} = {827E0CD3-B72D-47B6-A68D-7590B98EB39B}
		{6449B74C-08D7-45E0-B351-0EEFA7608590} = {8D626EA8-CB54-BC41-363A-217881BEBA6E}
		{F9460AF2-56D9-4F98-93E4-157A6B5DEB7E} = {8D626EA8-CB54-BC41-363A-217881BEBA6E}
		{6996BBF7-DB31-59BC-C7DD-9A7CCC6138C4} = {827E0CD3-B72D-47B6-A68D-7590B98EB39B}
		{1097B055-FF71-45A0-948C-5F186C65ECE1} = {6996BBF7-DB31-59BC-C7DD-9A7CCC6138C4}
		{18C00D2E-B317-40F7-93FC-80B65CCB94CD} = {6996BBF7-DB31-59BC-C7DD-9A7CCC6138C4}
		{E9866559-99EB-4455-973E-917F8F963C9F} = {0AB3BF05-4346-4AA6-1389-037BE0695223}
		{9E7B9D3A-D396-49D2-95D4-3A05BB8B37DB} = {0AB3BF05-4346-4AA6-1389-037BE0695223}
		{FEE34F04-2D47-4454-A3DA-A4B58F0433FF} = {827E0CD3-B72D-47B6-A68D-7590B98EB39B}
	EndGlobalSection
EndGlobal
